// !$*UTF8*$!
{
	archiveVersion = 1;
	classes = {
	};
	objectVersion = 56;
	objects = {

/* Begin PBXBuildFile section */
		F61C499229B0CF8F0047058B /* Theme.swift in Sources */ = {isa = PBXBuildFile; fileRef = F61C499129B0CF8F0047058B /* Theme.swift */; };
		F61C499429B0D06C0047058B /* DailyScrum.swift in Sources */ = {isa = PBXBuildFile; fileRef = F61C499329B0D06C0047058B /* DailyScrum.swift */; };
		F61C499629B0D11C0047058B /* CardView.swift in Sources */ = {isa = PBXBuildFile; fileRef = F61C499529B0D11C0047058B /* CardView.swift */; };
		F61C499829B0D4800047058B /* TrailingIconLabelStyle.swift in Sources */ = {isa = PBXBuildFile; fileRef = F61C499729B0D4800047058B /* TrailingIconLabelStyle.swift */; };
		F61C499A29B0DD9B0047058B /* ScrumsView.swift in Sources */ = {isa = PBXBuildFile; fileRef = F61C499929B0DD9B0047058B /* ScrumsView.swift */; };
		F61C499D29B107780047058B /* DetailView.swift in Sources */ = {isa = PBXBuildFile; fileRef = F61C499C29B107780047058B /* DetailView.swift */; };
		F61C499F29B118AE0047058B /* Assets.xcassets in Resources */ = {isa = PBXBuildFile; fileRef = F61C499E29B118AE0047058B /* Assets.xcassets */; };
		F6E4035F29B0C827007F2A0D /* Scrumdinger_iOS_App_Dev_Tutorials_App.swift in Sources */ = {isa = PBXBuildFile; fileRef = F6E4035E29B0C827007F2A0D /* Scrumdinger_iOS_App_Dev_Tutorials_App.swift */; };
		F6E4036129B0C827007F2A0D /* MeetingView.swift in Sources */ = {isa = PBXBuildFile; fileRef = F6E4036029B0C827007F2A0D /* MeetingView.swift */; };
		F6E4036629B0C828007F2A0D /* Preview Assets.xcassets in Resources */ = {isa = PBXBuildFile; fileRef = F6E4036529B0C828007F2A0D /* Preview Assets.xcassets */; };
/* End PBXBuildFile section */

/* Begin PBXFileReference section */
		F61C499129B0CF8F0047058B /* Theme.swift */ = {isa = PBXFileReference; lastKnownFileType = sourcecode.swift; path = Theme.swift; sourceTree = "<group>"; };
		F61C499329B0D06C0047058B /* DailyScrum.swift */ = {isa = PBXFileReference; lastKnownFileType = sourcecode.swift; path = DailyScrum.swift; sourceTree = "<group>"; };
		F61C499529B0D11C0047058B /* CardView.swift */ = {isa = PBXFileReference; lastKnownFileType = sourcecode.swift; path = CardView.swift; sourceTree = "<group>"; };
		F61C499729B0D4800047058B /* TrailingIconLabelStyle.swift */ = {isa = PBXFileReference; lastKnownFileType = sourcecode.swift; path = TrailingIconLabelStyle.swift; sourceTree = "<group>"; };
		F61C499929B0DD9B0047058B /* ScrumsView.swift */ = {isa = PBXFileReference; lastKnownFileType = sourcecode.swift; path = ScrumsView.swift; sourceTree = "<group>"; };
		F61C499C29B107780047058B /* DetailView.swift */ = {isa = PBXFileReference; lastKnownFileType = sourcecode.swift; path = DetailView.swift; sourceTree = "<group>"; };
		F61C499E29B118AE0047058B /* Assets.xcassets */ = {isa = PBXFileReference; lastKnownFileType = folder.assetcatalog; name = Assets.xcassets; path = ../../../../Downloads/CreatingACardView/Complete/Scrumdinger/Assets.xcassets; sourceTree = "<group>"; };
		F6E4035B29B0C827007F2A0D /* Scrumdinger(iOS App Dev Tutorials).app */ = {isa = PBXFileReference; explicitFileType = wrapper.application; includeInIndex = 0; path = "Scrumdinger(iOS App Dev Tutorials).app"; sourceTree = BUILT_PRODUCTS_DIR; };
		F6E4035E29B0C827007F2A0D /* Scrumdinger_iOS_App_Dev_Tutorials_App.swift */ = {isa = PBXFileReference; lastKnownFileType = sourcecode.swift; path = Scrumdinger_iOS_App_Dev_Tutorials_App.swift; sourceTree = "<group>"; };
		F6E4036029B0C827007F2A0D /* MeetingView.swift */ = {isa = PBXFileReference; lastKnownFileType = sourcecode.swift; path = MeetingView.swift; sourceTree = "<group>"; };
		F6E4036529B0C828007F2A0D /* Preview Assets.xcassets */ = {isa = PBXFileReference; lastKnownFileType = folder.assetcatalog; path = "Preview Assets.xcassets"; sourceTree = "<group>"; };
/* End PBXFileReference section */

/* Begin PBXFrameworksBuildPhase section */
		F6E4035829B0C827007F2A0D /* Frameworks */ = {
			isa = PBXFrameworksBuildPhase;
			buildActionMask = 2147483647;
			files = (
			);
			runOnlyForDeploymentPostprocessing = 0;
		};
/* End PBXFrameworksBuildPhase section */

/* Begin PBXGroup section */
		F61C499029B0CF6A0047058B /* Models */ = {
			isa = PBXGroup;
			children = (
				F61C499129B0CF8F0047058B /* Theme.swift */,
				F61C499329B0D06C0047058B /* DailyScrum.swift */,
			);
			path = Models;
			sourceTree = "<group>";
		};
		F6E4035229B0C827007F2A0D = {
			isa = PBXGroup;
			children = (
				F6E4035D29B0C827007F2A0D /* Scrumdinger(iOS App Dev Tutorials) */,
				F6E4035C29B0C827007F2A0D /* Products */,
			);
			sourceTree = "<group>";
		};
		F6E4035C29B0C827007F2A0D /* Products */ = {
			isa = PBXGroup;
			children = (
				F6E4035B29B0C827007F2A0D /* Scrumdinger(iOS App Dev Tutorials).app */,
			);
			name = Products;
			sourceTree = "<group>";
		};
		F6E4035D29B0C827007F2A0D /* Scrumdinger(iOS App Dev Tutorials) */ = {
			isa = PBXGroup;
			children = (
				F61C499C29B107780047058B /* DetailView.swift */,
				F6E4035E29B0C827007F2A0D /* Scrumdinger_iOS_App_Dev_Tutorials_App.swift */,
				F61C499929B0DD9B0047058B /* ScrumsView.swift */,
				F6E4036029B0C827007F2A0D /* MeetingView.swift */,
				F61C499529B0D11C0047058B /* CardView.swift */,
				F61C499729B0D4800047058B /* TrailingIconLabelStyle.swift */,
				F61C499E29B118AE0047058B /* Assets.xcassets */,
				F61C499029B0CF6A0047058B /* Models */,
				F6E4036429B0C828007F2A0D /* Preview Content */,
			);
			path = "Scrumdinger(iOS App Dev Tutorials)";
			sourceTree = "<group>";
		};
		F6E4036429B0C828007F2A0D /* Preview Content */ = {
			isa = PBXGroup;
			children = (
				F6E4036529B0C828007F2A0D /* Preview Assets.xcassets */,
			);
			path = "Preview Content";
			sourceTree = "<group>";
		};
/* End PBXGroup section */

/* Begin PBXNativeTarget section */
		F6E4035A29B0C827007F2A0D /* Scrumdinger(iOS App Dev Tutorials) */ = {
			isa = PBXNativeTarget;
			buildConfigurationList = F6E4036929B0C828007F2A0D /* Build configuration list for PBXNativeTarget "Scrumdinger(iOS App Dev Tutorials)" */;
			buildPhases = (
				F6E4035729B0C827007F2A0D /* Sources */,
				F6E4035829B0C827007F2A0D /* Frameworks */,
				F6E4035929B0C827007F2A0D /* Resources */,
			);
			buildRules = (
			);
			dependencies = (
			);
			name = "Scrumdinger(iOS App Dev Tutorials)";
			productName = "Scrumdinger(iOS App Dev Tutorials)";
			productReference = F6E4035B29B0C827007F2A0D /* Scrumdinger(iOS App Dev Tutorials).app */;
			productType = "com.apple.product-type.application";
		};
/* End PBXNativeTarget section */

/* Begin PBXProject section */
		F6E4035329B0C827007F2A0D /* Project object */ = {
			isa = PBXProject;
			attributes = {
				BuildIndependentTargetsInParallel = 1;
				LastSwiftUpdateCheck = 1420;
				LastUpgradeCheck = 1420;
				TargetAttributes = {
					F6E4035A29B0C827007F2A0D = {
						CreatedOnToolsVersion = 14.2;
					};
				};
			};
			buildConfigurationList = F6E4035629B0C827007F2A0D /* Build configuration list for PBXProject "Scrumdinger(iOS App Dev Tutorials)" */;
			compatibilityVersion = "Xcode 14.0";
			developmentRegion = en;
			hasScannedForEncodings = 0;
			knownRegions = (
				en,
				Base,
			);
			mainGroup = F6E4035229B0C827007F2A0D;
			productRefGroup = F6E4035C29B0C827007F2A0D /* Products */;
			projectDirPath = "";
			projectRoot = "";
			targets = (
				F6E4035A29B0C827007F2A0D /* Scrumdinger(iOS App Dev Tutorials) */,
			);
		};
/* End PBXProject section */

/* Begin PBXResourcesBuildPhase section */
		F6E4035929B0C827007F2A0D /* Resources */ = {
			isa = PBXResourcesBuildPhase;
			buildActionMask = 2147483647;
			files = (
				F6E4036629B0C828007F2A0D /* Preview Assets.xcassets in Resources */,
				F61C499F29B118AE0047058B /* Assets.xcassets in Resources */,
			);
			runOnlyForDeploymentPostprocessing = 0;
		};
/* End PBXResourcesBuildPhase section */

/* Begin PBXSourcesBuildPhase section */
		F6E4035729B0C827007F2A0D /* Sources */ = {
			isa = PBXSourcesBuildPhase;
			buildActionMask = 2147483647;
			files = (
				F61C499429B0D06C0047058B /* DailyScrum.swift in Sources */,
				F61C499D29B107780047058B /* DetailView.swift in Sources */,
				F61C499829B0D4800047058B /* TrailingIconLabelStyle.swift in Sources */,
				F61C499229B0CF8F0047058B /* Theme.swift in Sources */,
				F61C499A29B0DD9B0047058B /* ScrumsView.swift in Sources */,
				F6E4036129B0C827007F2A0D /* MeetingView.swift in Sources */,
				F6E4035F29B0C827007F2A0D /* Scrumdinger_iOS_App_Dev_Tutorials_App.swift in Sources */,
				F61C499629B0D11C0047058B /* CardView.swift in Sources */,
			);
			runOnlyForDeploymentPostprocessing = 0;
		};
/* End PBXSourcesBuildPhase section */

/* Begin XCBuildConfiguration section */
		F6E4036729B0C828007F2A0D /* Debug */ = {
			isa = XCBuildConfiguration;
			buildSettings = {
				ALWAYS_SEARCH_USER_PATHS = NO;
				CLANG_ANALYZER_NONNULL = YES;
				CLANG_ANALYZER_NUMBER_OBJECT_CONVERSION = YES_AGGRESSIVE;
				CLANG_CXX_LANGUAGE_STANDARD = "gnu++20";
				CLANG_ENABLE_MODULES = YES;
				CLANG_ENABLE_OBJC_ARC = YES;
				CLANG_ENABLE_OBJC_WEAK = YES;
				CLANG_WARN_BLOCK_CAPTURE_AUTORELEASING = YES;
				CLANG_WARN_BOOL_CONVERSION = YES;
				CLANG_WARN_COMMA = YES;
				CLANG_WARN_CONSTANT_CONVERSION = YES;
				CLANG_WARN_DEPRECATED_OBJC_IMPLEMENTATIONS = YES;
				CLANG_WARN_DIRECT_OBJC_ISA_USAGE = YES_ERROR;
				CLANG_WARN_DOCUMENTATION_COMMENTS = YES;
				CLANG_WARN_EMPTY_BODY = YES;
				CLANG_WARN_ENUM_CONVERSION = YES;
				CLANG_WARN_INFINITE_RECURSION = YES;
				CLANG_WARN_INT_CONVERSION = YES;
				CLANG_WARN_NON_LITERAL_NULL_CONVERSION = YES;
				CLANG_WARN_OBJC_IMPLICIT_RETAIN_SELF = YES;
				CLANG_WARN_OBJC_LITERAL_CONVERSION = YES;
				CLANG_WARN_OBJC_ROOT_CLASS = YES_ERROR;
				CLANG_WARN_QUOTED_INCLUDE_IN_FRAMEWORK_HEADER = YES;
				CLANG_WARN_RANGE_LOOP_ANALYSIS = YES;
				CLANG_WARN_STRICT_PROTOTYPES = YES;
				CLANG_WARN_SUSPICIOUS_MOVE = YES;
				CLANG_WARN_UNGUARDED_AVAILABILITY = YES_AGGRESSIVE;
				CLANG_WARN_UNREACHABLE_CODE = YES;
				CLANG_WARN__DUPLICATE_METHOD_MATCH = YES;
				COPY_PHASE_STRIP = NO;
				DEBUG_INFORMATION_FORMAT = dwarf;
				ENABLE_STRICT_OBJC_MSGSEND = YES;
				ENABLE_TESTABILITY = YES;
				GCC_C_LANGUAGE_STANDARD = gnu11;
				GCC_DYNAMIC_NO_PIC = NO;
				GCC_NO_COMMON_BLOCKS = YES;
				GCC_OPTIMIZATION_LEVEL = 0;
				GCC_PREPROCESSOR_DEFINITIONS = (
					"DEBUG=1",
					"$(inherited)",
				);
				GCC_WARN_64_TO_32_BIT_CONVERSION = YES;
				GCC_WARN_ABOUT_RETURN_TYPE = YES_ERROR;
				GCC_WARN_UNDECLARED_SELECTOR = YES;
				GCC_WARN_UNINITIALIZED_AUTOS = YES_AGGRESSIVE;
				GCC_WARN_UNUSED_FUNCTION = YES;
				GCC_WARN_UNUSED_VARIABLE = YES;
				IPHONEOS_DEPLOYMENT_TARGET = 16.2;
				MTL_ENABLE_DEBUG_INFO = INCLUDE_SOURCE;
				MTL_FAST_MATH = YES;
				ONLY_ACTIVE_ARCH = YES;
				SDKROOT = iphoneos;
				SWIFT_ACTIVE_COMPILATION_CONDITIONS = DEBUG;
				SWIFT_OPTIMIZATION_LEVEL = "-Onone";
			};
			name = Debug;
		};
		F6E4036829B0C828007F2A0D /* Release */ = {
			isa = XCBuildConfiguration;
			buildSettings = {
				ALWAYS_SEARCH_USER_PATHS = NO;
				CLANG_ANALYZER_NONNULL = YES;
				CLANG_ANALYZER_NUMBER_OBJECT_CONVERSION = YES_AGGRESSIVE;
				CLANG_CXX_LANGUAGE_STANDARD = "gnu++20";
				CLANG_ENABLE_MODULES = YES;
				CLANG_ENABLE_OBJC_ARC = YES;
				CLANG_ENABLE_OBJC_WEAK = YES;
				CLANG_WARN_BLOCK_CAPTURE_AUTORELEASING = YES;
				CLANG_WARN_BOOL_CONVERSION = YES;
				CLANG_WARN_COMMA = YES;
				CLANG_WARN_CONSTANT_CONVERSION = YES;
				CLANG_WARN_DEPRECATED_OBJC_IMPLEMENTATIONS = YES;
				CLANG_WARN_DIRECT_OBJC_ISA_USAGE = YES_ERROR;
				CLANG_WARN_DOCUMENTATION_COMMENTS = YES;
				CLANG_WARN_EMPTY_BODY = YES;
				CLANG_WARN_ENUM_CONVERSION = YES;
				CLANG_WARN_INFINITE_RECURSION = YES;
				CLANG_WARN_INT_CONVERSION = YES;
				CLANG_WARN_NON_LITERAL_NULL_CONVERSION = YES;
				CLANG_WARN_OBJC_IMPLICIT_RETAIN_SELF = YES;
				CLANG_WARN_OBJC_LITERAL_CONVERSION = YES;
				CLANG_WARN_OBJC_ROOT_CLASS = YES_ERROR;
				CLANG_WARN_QUOTED_INCLUDE_IN_FRAMEWORK_HEADER = YES;
				CLANG_WARN_RANGE_LOOP_ANALYSIS = YES;
				CLANG_WARN_STRICT_PROTOTYPES = YES;
				CLANG_WARN_SUSPICIOUS_MOVE = YES;
				CLANG_WARN_UNGUARDED_AVAILABILITY = YES_AGGRESSIVE;
				CLANG_WARN_UNREACHABLE_CODE = YES;
				CLANG_WARN__DUPLICATE_METHOD_MATCH = YES;
				COPY_PHASE_STRIP = NO;
				DEBUG_INFORMATION_FORMAT = "dwarf-with-dsym";
				ENABLE_NS_ASSERTIONS = NO;
				ENABLE_STRICT_OBJC_MSGSEND = YES;
				GCC_C_LANGUAGE_STANDARD = gnu11;
				GCC_NO_COMMON_BLOCKS = YES;
				GCC_WARN_64_TO_32_BIT_CONVERSION = YES;
				GCC_WARN_ABOUT_RETURN_TYPE = YES_ERROR;
				GCC_WARN_UNDECLARED_SELECTOR = YES;
				GCC_WARN_UNINITIALIZED_AUTOS = YES_AGGRESSIVE;
				GCC_WARN_UNUSED_FUNCTION = YES;
				GCC_WARN_UNUSED_VARIABLE = YES;
				IPHONEOS_DEPLOYMENT_TARGET = 16.2;
				MTL_ENABLE_DEBUG_INFO = NO;
				MTL_FAST_MATH = YES;
				SDKROOT = iphoneos;
				SWIFT_COMPILATION_MODE = wholemodule;
				SWIFT_OPTIMIZATION_LEVEL = "-O";
				VALIDATE_PRODUCT = YES;
			};
			name = Release;
		};
		F6E4036A29B0C828007F2A0D /* Debug */ = {
			isa = XCBuildConfiguration;
			buildSettings = {
				ASSETCATALOG_COMPILER_APPICON_NAME = AppIcon;
				ASSETCATALOG_COMPILER_GLOBAL_ACCENT_COLOR_NAME = AccentColor;
				CODE_SIGN_STYLE = Automatic;
				CURRENT_PROJECT_VERSION = 1;
				DEVELOPMENT_ASSET_PATHS = "\"Scrumdinger(iOS App Dev Tutorials)/Preview Content\"";
				DEVELOPMENT_TEAM = 9495ZGT5QK;
				ENABLE_PREVIEWS = YES;
				GENERATE_INFOPLIST_FILE = YES;
				INFOPLIST_KEY_UIApplicationSceneManifest_Generation = YES;
				INFOPLIST_KEY_UIApplicationSupportsIndirectInputEvents = YES;
				INFOPLIST_KEY_UILaunchScreen_Generation = YES;
				INFOPLIST_KEY_UISupportedInterfaceOrientations_iPad = "UIInterfaceOrientationPortrait UIInterfaceOrientationPortraitUpsideDown UIInterfaceOrientationLandscapeLeft UIInterfaceOrientationLandscapeRight";
				INFOPLIST_KEY_UISupportedInterfaceOrientations_iPhone = "UIInterfaceOrientationPortrait UIInterfaceOrientationLandscapeLeft UIInterfaceOrientationLandscapeRight";
				LD_RUNPATH_SEARCH_PATHS = (
					"$(inherited)",
					"@executable_path/Frameworks",
				);
				MARKETING_VERSION = 1.0;
				PRODUCT_BUNDLE_IDENTIFIER = "com.kub.Scrumdinger-iOS-App-Dev-Tutorials-";
				PRODUCT_NAME = "$(TARGET_NAME)";
				SWIFT_EMIT_LOC_STRINGS = YES;
				SWIFT_VERSION = 5.0;
				TARGETED_DEVICE_FAMILY = "1,2";
			};
			name = Debug;
		};
		F6E4036B29B0C828007F2A0D /* Release */ = {
			isa = XCBuildConfiguration;
			buildSettings = {
				ASSETCATALOG_COMPILER_APPICON_NAME = AppIcon;
				ASSETCATALOG_COMPILER_GLOBAL_ACCENT_COLOR_NAME = AccentColor;
				CODE_SIGN_STYLE = Automatic;
				CURRENT_PROJECT_VERSION = 1;
				DEVELOPMENT_ASSET_PATHS = "\"Scrumdinger(iOS App Dev Tutorials)/Preview Content\"";
				DEVELOPMENT_TEAM = 9495ZGT5QK;
				ENABLE_PREVIEWS = YES;
				GENERATE_INFOPLIST_FILE = YES;
				INFOPLIST_KEY_UIApplicationSceneManifest_Generation = YES;
				INFOPLIST_KEY_UIApplicationSupportsIndirectInputEvents = YES;
				INFOPLIST_KEY_UILaunchScreen_Generation = YES;
				INFOPLIST_KEY_UISupportedInterfaceOrientations_iPad = "UIInterfaceOrientationPortrait UIInterfaceOrientationPortraitUpsideDown UIInterfaceOrientationLandscapeLeft UIInterfaceOrientationLandscapeRight";
				INFOPLIST_KEY_UISupportedInterfaceOrientations_iPhone = "UIInterfaceOrientationPortrait UIInterfaceOrientationLandscapeLeft UIInterfaceOrientationLandscapeRight";
				LD_RUNPATH_SEARCH_PATHS = (
					"$(inherited)",
					"@executable_path/Frameworks",
				);
				MARKETING_VERSION = 1.0;
				PRODUCT_BUNDLE_IDENTIFIER = "com.kub.Scrumdinger-iOS-App-Dev-Tutorials-";
				PRODUCT_NAME = "$(TARGET_NAME)";
				SWIFT_EMIT_LOC_STRINGS = YES;
				SWIFT_VERSION = 5.0;
				TARGETED_DEVICE_FAMILY = "1,2";
			};
			name = Release;
		};
/* End XCBuildConfiguration section */

/* Begin XCConfigurationList section */
		F6E4035629B0C827007F2A0D /* Build configuration list for PBXProject "Scrumdinger(iOS App Dev Tutorials)" */ = {
			isa = XCConfigurationList;
			buildConfigurations = (
				F6E4036729B0C828007F2A0D /* Debug */,
				F6E4036829B0C828007F2A0D /* Release */,
			);
			defaultConfigurationIsVisible = 0;
			defaultConfigurationName = Release;
		};
		F6E4036929B0C828007F2A0D /* Build configuration list for PBXNativeTarget "Scrumdinger(iOS App Dev Tutorials)" */ = {
			isa = XCConfigurationList;
			buildConfigurations = (
				F6E4036A29B0C828007F2A0D /* Debug */,
				F6E4036B29B0C828007F2A0D /* Release */,
			);
			defaultConfigurationIsVisible = 0;
			defaultConfigurationName = Release;
		};
/* End XCConfigurationList section */
	};
	rootObject = F6E4035329B0C827007F2A0D /* Project object */;
}
